// !$*UTF8*$!
{
	archiveVersion = 1;
	classes = {
	};
	objectVersion = 50;
	objects = {

/* Begin PBXBuildFile section */
		37BF2455241424DF00413325 /* AppDelegate.swift in Sources */ = {isa = PBXBuildFile; fileRef = 37BF2454241424DF00413325 /* AppDelegate.swift */; };
		37BF2457241424DF00413325 /* SceneDelegate.swift in Sources */ = {isa = PBXBuildFile; fileRef = 37BF2456241424DF00413325 /* SceneDelegate.swift */; };
		37BF2459241424DF00413325 /* ViewController.swift in Sources */ = {isa = PBXBuildFile; fileRef = 37BF2458241424DF00413325 /* ViewController.swift */; };
		37BF245C241424DF00413325 /* Main.storyboard in Resources */ = {isa = PBXBuildFile; fileRef = 37BF245A241424DF00413325 /* Main.storyboard */; };
		37BF245E241424E000413325 /* Assets.xcassets in Resources */ = {isa = PBXBuildFile; fileRef = 37BF245D241424E000413325 /* Assets.xcassets */; };
		37BF2461241424E000413325 /* LaunchScreen.storyboard in Resources */ = {isa = PBXBuildFile; fileRef = 37BF245F241424E000413325 /* LaunchScreen.storyboard */; };
		37BF2466241424E000413325 /* BowlingTracker WatchKit App.app in Embed Watch Content */ = {isa = PBXBuildFile; fileRef = 37BF2465241424E000413325 /* BowlingTracker WatchKit App.app */; settings = {ATTRIBUTES = (RemoveHeadersOnCopy, ); }; };
		37BF246C241424E000413325 /* Interface.storyboard in Resources */ = {isa = PBXBuildFile; fileRef = 37BF246A241424E000413325 /* Interface.storyboard */; };
		37BF246E241424E100413325 /* Assets.xcassets in Resources */ = {isa = PBXBuildFile; fileRef = 37BF246D241424E100413325 /* Assets.xcassets */; };
		37BF2475241424E100413325 /* BowlingTracker WatchKit Extension.appex in Embed App Extensions */ = {isa = PBXBuildFile; fileRef = 37BF2474241424E100413325 /* BowlingTracker WatchKit Extension.appex */; settings = {ATTRIBUTES = (RemoveHeadersOnCopy, ); }; };
		37BF247A241424E100413325 /* InterfaceController.swift in Sources */ = {isa = PBXBuildFile; fileRef = 37BF2479241424E100413325 /* InterfaceController.swift */; };
		37BF247C241424E100413325 /* ExtensionDelegate.swift in Sources */ = {isa = PBXBuildFile; fileRef = 37BF247B241424E100413325 /* ExtensionDelegate.swift */; };
		37BF247E241424E100413325 /* Assets.xcassets in Resources */ = {isa = PBXBuildFile; fileRef = 37BF247D241424E100413325 /* Assets.xcassets */; };
		37BF248E241426A600413325 /* DataCollector.swift in Sources */ = {isa = PBXBuildFile; fileRef = 37BF248D241426A600413325 /* DataCollector.swift */; };
/* End PBXBuildFile section */

/* Begin PBXContainerItemProxy section */
		37BF2467241424E000413325 /* PBXContainerItemProxy */ = {
			isa = PBXContainerItemProxy;
			containerPortal = 37BF2449241424DF00413325 /* Project object */;
			proxyType = 1;
			remoteGlobalIDString = 37BF2464241424E000413325;
			remoteInfo = "BowlingTracker WatchKit App";
		};
		37BF2476241424E100413325 /* PBXContainerItemProxy */ = {
			isa = PBXContainerItemProxy;
			containerPortal = 37BF2449241424DF00413325 /* Project object */;
			proxyType = 1;
			remoteGlobalIDString = 37BF2473241424E100413325;
			remoteInfo = "BowlingTracker WatchKit Extension";
		};
/* End PBXContainerItemProxy section */

/* Begin PBXCopyFilesBuildPhase section */
		37BF2485241424E100413325 /* Embed App Extensions */ = {
			isa = PBXCopyFilesBuildPhase;
			buildActionMask = 2147483647;
			dstPath = "";
			dstSubfolderSpec = 13;
			files = (
				37BF2475241424E100413325 /* BowlingTracker WatchKit Extension.appex in Embed App Extensions */,
			);
			name = "Embed App Extensions";
			runOnlyForDeploymentPostprocessing = 0;
		};
		37BF2489241424E100413325 /* Embed Watch Content */ = {
			isa = PBXCopyFilesBuildPhase;
			buildActionMask = 2147483647;
			dstPath = "$(CONTENTS_FOLDER_PATH)/Watch";
			dstSubfolderSpec = 16;
			files = (
				37BF2466241424E000413325 /* BowlingTracker WatchKit App.app in Embed Watch Content */,
			);
			name = "Embed Watch Content";
			runOnlyForDeploymentPostprocessing = 0;
		};
/* End PBXCopyFilesBuildPhase section */

/* Begin PBXFileReference section */
		37BF2451241424DF00413325 /* BowlingTracker.app */ = {isa = PBXFileReference; explicitFileType = wrapper.application; includeInIndex = 0; path = BowlingTracker.app; sourceTree = BUILT_PRODUCTS_DIR; };
		37BF2454241424DF00413325 /* AppDelegate.swift */ = {isa = PBXFileReference; lastKnownFileType = sourcecode.swift; path = AppDelegate.swift; sourceTree = "<group>"; };
		37BF2456241424DF00413325 /* SceneDelegate.swift */ = {isa = PBXFileReference; lastKnownFileType = sourcecode.swift; path = SceneDelegate.swift; sourceTree = "<group>"; };
		37BF2458241424DF00413325 /* ViewController.swift */ = {isa = PBXFileReference; lastKnownFileType = sourcecode.swift; path = ViewController.swift; sourceTree = "<group>"; };
		37BF245B241424DF00413325 /* Base */ = {isa = PBXFileReference; lastKnownFileType = file.storyboard; name = Base; path = Base.lproj/Main.storyboard; sourceTree = "<group>"; };
		37BF245D241424E000413325 /* Assets.xcassets */ = {isa = PBXFileReference; lastKnownFileType = folder.assetcatalog; path = Assets.xcassets; sourceTree = "<group>"; };
		37BF2460241424E000413325 /* Base */ = {isa = PBXFileReference; lastKnownFileType = file.storyboard; name = Base; path = Base.lproj/LaunchScreen.storyboard; sourceTree = "<group>"; };
		37BF2462241424E000413325 /* Info.plist */ = {isa = PBXFileReference; lastKnownFileType = text.plist.xml; path = Info.plist; sourceTree = "<group>"; };
		37BF2465241424E000413325 /* BowlingTracker WatchKit App.app */ = {isa = PBXFileReference; explicitFileType = wrapper.application; includeInIndex = 0; path = "BowlingTracker WatchKit App.app"; sourceTree = BUILT_PRODUCTS_DIR; };
		37BF246B241424E000413325 /* Base */ = {isa = PBXFileReference; lastKnownFileType = file.storyboard; name = Base; path = Base.lproj/Interface.storyboard; sourceTree = "<group>"; };
		37BF246D241424E100413325 /* Assets.xcassets */ = {isa = PBXFileReference; lastKnownFileType = folder.assetcatalog; path = Assets.xcassets; sourceTree = "<group>"; };
		37BF246F241424E100413325 /* Info.plist */ = {isa = PBXFileReference; lastKnownFileType = text.plist.xml; path = Info.plist; sourceTree = "<group>"; };
		37BF2474241424E100413325 /* BowlingTracker WatchKit Extension.appex */ = {isa = PBXFileReference; explicitFileType = "wrapper.app-extension"; includeInIndex = 0; path = "BowlingTracker WatchKit Extension.appex"; sourceTree = BUILT_PRODUCTS_DIR; };
		37BF2479241424E100413325 /* InterfaceController.swift */ = {isa = PBXFileReference; lastKnownFileType = sourcecode.swift; path = InterfaceController.swift; sourceTree = "<group>"; };
		37BF247B241424E100413325 /* ExtensionDelegate.swift */ = {isa = PBXFileReference; lastKnownFileType = sourcecode.swift; path = ExtensionDelegate.swift; sourceTree = "<group>"; };
		37BF247D241424E100413325 /* Assets.xcassets */ = {isa = PBXFileReference; lastKnownFileType = folder.assetcatalog; path = Assets.xcassets; sourceTree = "<group>"; };
		37BF247F241424E100413325 /* Info.plist */ = {isa = PBXFileReference; lastKnownFileType = text.plist.xml; path = Info.plist; sourceTree = "<group>"; };
		37BF248D241426A600413325 /* DataCollector.swift */ = {isa = PBXFileReference; lastKnownFileType = sourcecode.swift; path = DataCollector.swift; sourceTree = "<group>"; };
/* End PBXFileReference section */

/* Begin PBXFrameworksBuildPhase section */
		37BF244E241424DF00413325 /* Frameworks */ = {
			isa = PBXFrameworksBuildPhase;
			buildActionMask = 2147483647;
			files = (
			);
			runOnlyForDeploymentPostprocessing = 0;
		};
		37BF2471241424E100413325 /* Frameworks */ = {
			isa = PBXFrameworksBuildPhase;
			buildActionMask = 2147483647;
			files = (
			);
			runOnlyForDeploymentPostprocessing = 0;
		};
/* End PBXFrameworksBuildPhase section */

/* Begin PBXGroup section */
		37BF2448241424DF00413325 = {
			isa = PBXGroup;
			children = (
				37BF2453241424DF00413325 /* BowlingTracker */,
				37BF2469241424E000413325 /* BowlingTracker WatchKit App */,
				37BF2478241424E100413325 /* BowlingTracker WatchKit Extension */,
				37BF2452241424DF00413325 /* Products */,
			);
			sourceTree = "<group>";
		};
		37BF2452241424DF00413325 /* Products */ = {
			isa = PBXGroup;
			children = (
				37BF2451241424DF00413325 /* BowlingTracker.app */,
				37BF2465241424E000413325 /* BowlingTracker WatchKit App.app */,
				37BF2474241424E100413325 /* BowlingTracker WatchKit Extension.appex */,
			);
			name = Products;
			sourceTree = "<group>";
		};
		37BF2453241424DF00413325 /* BowlingTracker */ = {
			isa = PBXGroup;
			children = (
				37BF2454241424DF00413325 /* AppDelegate.swift */,
				37BF2456241424DF00413325 /* SceneDelegate.swift */,
				37BF2458241424DF00413325 /* ViewController.swift */,
				37BF245A241424DF00413325 /* Main.storyboard */,
				37BF245D241424E000413325 /* Assets.xcassets */,
				37BF245F241424E000413325 /* LaunchScreen.storyboard */,
				37BF2462241424E000413325 /* Info.plist */,
			);
			path = BowlingTracker;
			sourceTree = "<group>";
		};
		37BF2469241424E000413325 /* BowlingTracker WatchKit App */ = {
			isa = PBXGroup;
			children = (
				37BF246A241424E000413325 /* Interface.storyboard */,
				37BF246D241424E100413325 /* Assets.xcassets */,
				37BF246F241424E100413325 /* Info.plist */,
			);
			path = "BowlingTracker WatchKit App";
			sourceTree = "<group>";
		};
		37BF2478241424E100413325 /* BowlingTracker WatchKit Extension */ = {
			isa = PBXGroup;
			children = (
				37BF2479241424E100413325 /* InterfaceController.swift */,
				37BF248D241426A600413325 /* DataCollector.swift */,
				37BF247B241424E100413325 /* ExtensionDelegate.swift */,
				37BF247D241424E100413325 /* Assets.xcassets */,
				37BF247F241424E100413325 /* Info.plist */,
			);
			path = "BowlingTracker WatchKit Extension";
			sourceTree = "<group>";
		};
/* End PBXGroup section */

/* Begin PBXNativeTarget section */
		37BF2450241424DF00413325 /* BowlingTracker */ = {
			isa = PBXNativeTarget;
			buildConfigurationList = 37BF248A241424E100413325 /* Build configuration list for PBXNativeTarget "BowlingTracker" */;
			buildPhases = (
				37BF244D241424DF00413325 /* Sources */,
				37BF244E241424DF00413325 /* Frameworks */,
				37BF244F241424DF00413325 /* Resources */,
				37BF2489241424E100413325 /* Embed Watch Content */,
			);
			buildRules = (
			);
			dependencies = (
				37BF2468241424E000413325 /* PBXTargetDependency */,
			);
			name = BowlingTracker;
			productName = BowlingTracker;
			productReference = 37BF2451241424DF00413325 /* BowlingTracker.app */;
			productType = "com.apple.product-type.application";
		};
		37BF2464241424E000413325 /* BowlingTracker WatchKit App */ = {
			isa = PBXNativeTarget;
			buildConfigurationList = 37BF2486241424E100413325 /* Build configuration list for PBXNativeTarget "BowlingTracker WatchKit App" */;
			buildPhases = (
				37BF2463241424E000413325 /* Resources */,
				37BF2485241424E100413325 /* Embed App Extensions */,
			);
			buildRules = (
			);
			dependencies = (
				37BF2477241424E100413325 /* PBXTargetDependency */,
			);
			name = "BowlingTracker WatchKit App";
			productName = "BowlingTracker WatchKit App";
			productReference = 37BF2465241424E000413325 /* BowlingTracker WatchKit App.app */;
			productType = "com.apple.product-type.application.watchapp2";
		};
		37BF2473241424E100413325 /* BowlingTracker WatchKit Extension */ = {
			isa = PBXNativeTarget;
			buildConfigurationList = 37BF2482241424E100413325 /* Build configuration list for PBXNativeTarget "BowlingTracker WatchKit Extension" */;
			buildPhases = (
				37BF2470241424E100413325 /* Sources */,
				37BF2471241424E100413325 /* Frameworks */,
				37BF2472241424E100413325 /* Resources */,
			);
			buildRules = (
			);
			dependencies = (
			);
			name = "BowlingTracker WatchKit Extension";
			productName = "BowlingTracker WatchKit Extension";
			productReference = 37BF2474241424E100413325 /* BowlingTracker WatchKit Extension.appex */;
			productType = "com.apple.product-type.watchkit2-extension";
		};
/* End PBXNativeTarget section */

/* Begin PBXProject section */
		37BF2449241424DF00413325 /* Project object */ = {
			isa = PBXProject;
			attributes = {
				LastSwiftUpdateCheck = 1130;
				LastUpgradeCheck = 1130;
				ORGANIZATIONNAME = MDB;
				TargetAttributes = {
					37BF2450241424DF00413325 = {
						CreatedOnToolsVersion = 11.3.1;
					};
					37BF2464241424E000413325 = {
						CreatedOnToolsVersion = 11.3.1;
					};
					37BF2473241424E100413325 = {
						CreatedOnToolsVersion = 11.3.1;
					};
				};
			};
			buildConfigurationList = 37BF244C241424DF00413325 /* Build configuration list for PBXProject "BowlingTracker" */;
			compatibilityVersion = "Xcode 9.3";
			developmentRegion = en;
			hasScannedForEncodings = 0;
			knownRegions = (
				en,
				Base,
			);
			mainGroup = 37BF2448241424DF00413325;
			productRefGroup = 37BF2452241424DF00413325 /* Products */;
			projectDirPath = "";
			projectRoot = "";
			targets = (
				37BF2450241424DF00413325 /* BowlingTracker */,
				37BF2464241424E000413325 /* BowlingTracker WatchKit App */,
				37BF2473241424E100413325 /* BowlingTracker WatchKit Extension */,
			);
		};
/* End PBXProject section */

/* Begin PBXResourcesBuildPhase section */
		37BF244F241424DF00413325 /* Resources */ = {
			isa = PBXResourcesBuildPhase;
			buildActionMask = 2147483647;
			files = (
				37BF2461241424E000413325 /* LaunchScreen.storyboard in Resources */,
				37BF245E241424E000413325 /* Assets.xcassets in Resources */,
				37BF245C241424DF00413325 /* Main.storyboard in Resources */,
			);
			runOnlyForDeploymentPostprocessing = 0;
		};
		37BF2463241424E000413325 /* Resources */ = {
			isa = PBXResourcesBuildPhase;
			buildActionMask = 2147483647;
			files = (
				37BF246E241424E100413325 /* Assets.xcassets in Resources */,
				37BF246C241424E000413325 /* Interface.storyboard in Resources */,
			);
			runOnlyForDeploymentPostprocessing = 0;
		};
		37BF2472241424E100413325 /* Resources */ = {
			isa = PBXResourcesBuildPhase;
			buildActionMask = 2147483647;
			files = (
				37BF247E241424E100413325 /* Assets.xcassets in Resources */,
			);
			runOnlyForDeploymentPostprocessing = 0;
		};
/* End PBXResourcesBuildPhase section */

/* Begin PBXSourcesBuildPhase section */
		37BF244D241424DF00413325 /* Sources */ = {
			isa = PBXSourcesBuildPhase;
			buildActionMask = 2147483647;
			files = (
				37BF2459241424DF00413325 /* ViewController.swift in Sources */,
				37BF2455241424DF00413325 /* AppDelegate.swift in Sources */,
				37BF2457241424DF00413325 /* SceneDelegate.swift in Sources */,
			);
			runOnlyForDeploymentPostprocessing = 0;
		};
		37BF2470241424E100413325 /* Sources */ = {
			isa = PBXSourcesBuildPhase;
			buildActionMask = 2147483647;
			files = (
				37BF248E241426A600413325 /* DataCollector.swift in Sources */,
				37BF247C241424E100413325 /* ExtensionDelegate.swift in Sources */,
				37BF247A241424E100413325 /* InterfaceController.swift in Sources */,
			);
			runOnlyForDeploymentPostprocessing = 0;
		};
/* End PBXSourcesBuildPhase section */

/* Begin PBXTargetDependency section */
		37BF2468241424E000413325 /* PBXTargetDependency */ = {
			isa = PBXTargetDependency;
			target = 37BF2464241424E000413325 /* BowlingTracker WatchKit App */;
			targetProxy = 37BF2467241424E000413325 /* PBXContainerItemProxy */;
		};
		37BF2477241424E100413325 /* PBXTargetDependency */ = {
			isa = PBXTargetDependency;
			target = 37BF2473241424E100413325 /* BowlingTracker WatchKit Extension */;
			targetProxy = 37BF2476241424E100413325 /* PBXContainerItemProxy */;
		};
/* End PBXTargetDependency section */

/* Begin PBXVariantGroup section */
		37BF245A241424DF00413325 /* Main.storyboard */ = {
			isa = PBXVariantGroup;
			children = (
				37BF245B241424DF00413325 /* Base */,
			);
			name = Main.storyboard;
			sourceTree = "<group>";
		};
		37BF245F241424E000413325 /* LaunchScreen.storyboard */ = {
			isa = PBXVariantGroup;
			children = (
				37BF2460241424E000413325 /* Base */,
			);
			name = LaunchScreen.storyboard;
			sourceTree = "<group>";
		};
		37BF246A241424E000413325 /* Interface.storyboard */ = {
			isa = PBXVariantGroup;
			children = (
				37BF246B241424E000413325 /* Base */,
			);
			name = Interface.storyboard;
			sourceTree = "<group>";
		};
/* End PBXVariantGroup section */

/* Begin XCBuildConfiguration section */
		37BF2480241424E100413325 /* Debug */ = {
			isa = XCBuildConfiguration;
			buildSettings = {
				ALWAYS_SEARCH_USER_PATHS = NO;
				CLANG_ANALYZER_NONNULL = YES;
				CLANG_ANALYZER_NUMBER_OBJECT_CONVERSION = YES_AGGRESSIVE;
				CLANG_CXX_LANGUAGE_STANDARD = "gnu++14";
				CLANG_CXX_LIBRARY = "libc++";
				CLANG_ENABLE_MODULES = YES;
				CLANG_ENABLE_OBJC_ARC = YES;
				CLANG_ENABLE_OBJC_WEAK = YES;
				CLANG_WARN_BLOCK_CAPTURE_AUTORELEASING = YES;
				CLANG_WARN_BOOL_CONVERSION = YES;
				CLANG_WARN_COMMA = YES;
				CLANG_WARN_CONSTANT_CONVERSION = YES;
				CLANG_WARN_DEPRECATED_OBJC_IMPLEMENTATIONS = YES;
				CLANG_WARN_DIRECT_OBJC_ISA_USAGE = YES_ERROR;
				CLANG_WARN_DOCUMENTATION_COMMENTS = YES;
				CLANG_WARN_EMPTY_BODY = YES;
				CLANG_WARN_ENUM_CONVERSION = YES;
				CLANG_WARN_INFINITE_RECURSION = YES;
				CLANG_WARN_INT_CONVERSION = YES;
				CLANG_WARN_NON_LITERAL_NULL_CONVERSION = YES;
				CLANG_WARN_OBJC_IMPLICIT_RETAIN_SELF = YES;
				CLANG_WARN_OBJC_LITERAL_CONVERSION = YES;
				CLANG_WARN_OBJC_ROOT_CLASS = YES_ERROR;
				CLANG_WARN_RANGE_LOOP_ANALYSIS = YES;
				CLANG_WARN_STRICT_PROTOTYPES = YES;
				CLANG_WARN_SUSPICIOUS_MOVE = YES;
				CLANG_WARN_UNGUARDED_AVAILABILITY = YES_AGGRESSIVE;
				CLANG_WARN_UNREACHABLE_CODE = YES;
				CLANG_WARN__DUPLICATE_METHOD_MATCH = YES;
				COPY_PHASE_STRIP = NO;
				DEBUG_INFORMATION_FORMAT = dwarf;
				ENABLE_STRICT_OBJC_MSGSEND = YES;
				ENABLE_TESTABILITY = YES;
				GCC_C_LANGUAGE_STANDARD = gnu11;
				GCC_DYNAMIC_NO_PIC = NO;
				GCC_NO_COMMON_BLOCKS = YES;
				GCC_OPTIMIZATION_LEVEL = 0;
				GCC_PREPROCESSOR_DEFINITIONS = (
					"DEBUG=1",
					"$(inherited)",
				);
				GCC_WARN_64_TO_32_BIT_CONVERSION = YES;
				GCC_WARN_ABOUT_RETURN_TYPE = YES_ERROR;
				GCC_WARN_UNDECLARED_SELECTOR = YES;
				GCC_WARN_UNINITIALIZED_AUTOS = YES_AGGRESSIVE;
				GCC_WARN_UNUSED_FUNCTION = YES;
				GCC_WARN_UNUSED_VARIABLE = YES;
				IPHONEOS_DEPLOYMENT_TARGET = 13.2;
				MTL_ENABLE_DEBUG_INFO = INCLUDE_SOURCE;
				MTL_FAST_MATH = YES;
				ONLY_ACTIVE_ARCH = YES;
				SDKROOT = iphoneos;
				SWIFT_ACTIVE_COMPILATION_CONDITIONS = DEBUG;
				SWIFT_OPTIMIZATION_LEVEL = "-Onone";
			};
			name = Debug;
		};
		37BF2481241424E100413325 /* Release */ = {
			isa = XCBuildConfiguration;
			buildSettings = {
				ALWAYS_SEARCH_USER_PATHS = NO;
				CLANG_ANALYZER_NONNULL = YES;
				CLANG_ANALYZER_NUMBER_OBJECT_CONVERSION = YES_AGGRESSIVE;
				CLANG_CXX_LANGUAGE_STANDARD = "gnu++14";
				CLANG_CXX_LIBRARY = "libc++";
				CLANG_ENABLE_MODULES = YES;
				CLANG_ENABLE_OBJC_ARC = YES;
				CLANG_ENABLE_OBJC_WEAK = YES;
				CLANG_WARN_BLOCK_CAPTURE_AUTORELEASING = YES;
				CLANG_WARN_BOOL_CONVERSION = YES;
				CLANG_WARN_COMMA = YES;
				CLANG_WARN_CONSTANT_CONVERSION = YES;
				CLANG_WARN_DEPRECATED_OBJC_IMPLEMENTATIONS = YES;
				CLANG_WARN_DIRECT_OBJC_ISA_USAGE = YES_ERROR;
				CLANG_WARN_DOCUMENTATION_COMMENTS = YES;
				CLANG_WARN_EMPTY_BODY = YES;
				CLANG_WARN_ENUM_CONVERSION = YES;
				CLANG_WARN_INFINITE_RECURSION = YES;
				CLANG_WARN_INT_CONVERSION = YES;
				CLANG_WARN_NON_LITERAL_NULL_CONVERSION = YES;
				CLANG_WARN_OBJC_IMPLICIT_RETAIN_SELF = YES;
				CLANG_WARN_OBJC_LITERAL_CONVERSION = YES;
				CLANG_WARN_OBJC_ROOT_CLASS = YES_ERROR;
				CLANG_WARN_RANGE_LOOP_ANALYSIS = YES;
				CLANG_WARN_STRICT_PROTOTYPES = YES;
				CLANG_WARN_SUSPICIOUS_MOVE = YES;
				CLANG_WARN_UNGUARDED_AVAILABILITY = YES_AGGRESSIVE;
				CLANG_WARN_UNREACHABLE_CODE = YES;
				CLANG_WARN__DUPLICATE_METHOD_MATCH = YES;
				COPY_PHASE_STRIP = NO;
				DEBUG_INFORMATION_FORMAT = "dwarf-with-dsym";
				ENABLE_NS_ASSERTIONS = NO;
				ENABLE_STRICT_OBJC_MSGSEND = YES;
				GCC_C_LANGUAGE_STANDARD = gnu11;
				GCC_NO_COMMON_BLOCKS = YES;
				GCC_WARN_64_TO_32_BIT_CONVERSION = YES;
				GCC_WARN_ABOUT_RETURN_TYPE = YES_ERROR;
				GCC_WARN_UNDECLARED_SELECTOR = YES;
				GCC_WARN_UNINITIALIZED_AUTOS = YES_AGGRESSIVE;
				GCC_WARN_UNUSED_FUNCTION = YES;
				GCC_WARN_UNUSED_VARIABLE = YES;
				IPHONEOS_DEPLOYMENT_TARGET = 13.2;
				MTL_ENABLE_DEBUG_INFO = NO;
				MTL_FAST_MATH = YES;
				SDKROOT = iphoneos;
				SWIFT_COMPILATION_MODE = wholemodule;
				SWIFT_OPTIMIZATION_LEVEL = "-O";
				VALIDATE_PRODUCT = YES;
			};
			name = Release;
		};
		37BF2483241424E100413325 /* Debug */ = {
			isa = XCBuildConfiguration;
			buildSettings = {
				ASSETCATALOG_COMPILER_COMPLICATION_NAME = Complication;
				CODE_SIGN_STYLE = Automatic;
				DEVELOPMENT_TEAM = JJS26UAY56;
				INFOPLIST_FILE = "BowlingTracker WatchKit Extension/Info.plist";
				LD_RUNPATH_SEARCH_PATHS = (
					"$(inherited)",
					"@executable_path/Frameworks",
					"@executable_path/../../Frameworks",
				);
				PRODUCT_BUNDLE_IDENTIFIER = com.example.BowlingTracker.watchkitapp.watchkitextension;
				PRODUCT_NAME = "${TARGET_NAME}";
				SDKROOT = watchos;
				SKIP_INSTALL = YES;
				SWIFT_VERSION = 5.0;
				TARGETED_DEVICE_FAMILY = 4;
				WATCHOS_DEPLOYMENT_TARGET = 6.1;
			};
			name = Debug;
		};
		37BF2484241424E100413325 /* Release */ = {
			isa = XCBuildConfiguration;
			buildSettings = {
				ASSETCATALOG_COMPILER_COMPLICATION_NAME = Complication;
				CODE_SIGN_STYLE = Automatic;
				DEVELOPMENT_TEAM = JJS26UAY56;
				INFOPLIST_FILE = "BowlingTracker WatchKit Extension/Info.plist";
				LD_RUNPATH_SEARCH_PATHS = (
					"$(inherited)",
					"@executable_path/Frameworks",
					"@executable_path/../../Frameworks",
				);
				PRODUCT_BUNDLE_IDENTIFIER = com.example.BowlingTracker.watchkitapp.watchkitextension;
				PRODUCT_NAME = "${TARGET_NAME}";
				SDKROOT = watchos;
				SKIP_INSTALL = YES;
				SWIFT_VERSION = 5.0;
				TARGETED_DEVICE_FAMILY = 4;
				WATCHOS_DEPLOYMENT_TARGET = 6.1;
			};
			name = Release;
		};
		37BF2487241424E100413325 /* Debug */ = {
			isa = XCBuildConfiguration;
			buildSettings = {
				ALWAYS_EMBED_SWIFT_STANDARD_LIBRARIES = YES;
				ASSETCATALOG_COMPILER_APPICON_NAME = AppIcon;
				CODE_SIGN_STYLE = Automatic;
				DEVELOPMENT_TEAM = JJS26UAY56;
				IBSC_MODULE = BowlingTracker_WatchKit_Extension;
				INFOPLIST_FILE = "BowlingTracker WatchKit App/Info.plist";
				PRODUCT_BUNDLE_IDENTIFIER = com.example.BowlingTracker.watchkitapp;
				PRODUCT_NAME = "$(TARGET_NAME)";
				SDKROOT = watchos;
				SKIP_INSTALL = YES;
				SWIFT_VERSION = 5.0;
				TARGETED_DEVICE_FAMILY = 4;
				WATCHOS_DEPLOYMENT_TARGET = 6.1;
			};
			name = Debug;
		};
		37BF2488241424E100413325 /* Release */ = {
			isa = XCBuildConfiguration;
			buildSettings = {
				ALWAYS_EMBED_SWIFT_STANDARD_LIBRARIES = YES;
				ASSETCATALOG_COMPILER_APPICON_NAME = AppIcon;
				CODE_SIGN_STYLE = Automatic;
				DEVELOPMENT_TEAM = JJS26UAY56;
				IBSC_MODULE = BowlingTracker_WatchKit_Extension;
				INFOPLIST_FILE = "BowlingTracker WatchKit App/Info.plist";
				PRODUCT_BUNDLE_IDENTIFIER = com.example.BowlingTracker.watchkitapp;
				PRODUCT_NAME = "$(TARGET_NAME)";
				SDKROOT = watchos;
				SKIP_INSTALL = YES;
				SWIFT_VERSION = 5.0;
				TARGETED_DEVICE_FAMILY = 4;
				WATCHOS_DEPLOYMENT_TARGET = 6.1;
			};
			name = Release;
		};
		37BF248B241424E100413325 /* Debug */ = {
			isa = XCBuildConfiguration;
			buildSettings = {
				ASSETCATALOG_COMPILER_APPICON_NAME = AppIcon;
				CODE_SIGN_STYLE = Automatic;
				DEVELOPMENT_TEAM = JJS26UAY56;
				INFOPLIST_FILE = BowlingTracker/Info.plist;
				LD_RUNPATH_SEARCH_PATHS = (
					"$(inherited)",
					"@executable_path/Frameworks",
				);
				PRODUCT_BUNDLE_IDENTIFIER = com.example.BowlingTracker;
				PRODUCT_NAME = "$(TARGET_NAME)";
				SWIFT_VERSION = 5.0;
				TARGETED_DEVICE_FAMILY = "1,2";
			};
			name = Debug;
		};
		37BF248C241424E100413325 /* Release */ = {
			isa = XCBuildConfiguration;
			buildSettings = {
				ASSETCATALOG_COMPILER_APPICON_NAME = AppIcon;
				CODE_SIGN_STYLE = Automatic;
				DEVELOPMENT_TEAM = JJS26UAY56;
				INFOPLIST_FILE = BowlingTracker/Info.plist;
				LD_RUNPATH_SEARCH_PATHS = (
					"$(inherited)",
					"@executable_path/Frameworks",
				);
				PRODUCT_BUNDLE_IDENTIFIER = com.example.BowlingTracker;
				PRODUCT_NAME = "$(TARGET_NAME)";
				SWIFT_VERSION = 5.0;
				TARGETED_DEVICE_FAMILY = "1,2";
			};
			name = Release;
		};
/* End XCBuildConfiguration section */

/* Begin XCConfigurationList section */
		37BF244C241424DF00413325 /* Build configuration list for PBXProject "BowlingTracker" */ = {
			isa = XCConfigurationList;
			buildConfigurations = (
				37BF2480241424E100413325 /* Debug */,
				37BF2481241424E100413325 /* Release */,
			);
			defaultConfigurationIsVisible = 0;
			defaultConfigurationName = Release;
		};
		37BF2482241424E100413325 /* Build configuration list for PBXNativeTarget "BowlingTracker WatchKit Extension" */ = {
			isa = XCConfigurationList;
			buildConfigurations = (
				37BF2483241424E100413325 /* Debug */,
				37BF2484241424E100413325 /* Release */,
			);
			defaultConfigurationIsVisible = 0;
			defaultConfigurationName = Release;
		};
		37BF2486241424E100413325 /* Build configuration list for PBXNativeTarget "BowlingTracker WatchKit App" */ = {
			isa = XCConfigurationList;
			buildConfigurations = (
				37BF2487241424E100413325 /* Debug */,
				37BF2488241424E100413325 /* Release */,
			);
			defaultConfigurationIsVisible = 0;
			defaultConfigurationName = Release;
		};
		37BF248A241424E100413325 /* Build configuration list for PBXNativeTarget "BowlingTracker" */ = {
			isa = XCConfigurationList;
			buildConfigurations = (
				37BF248B241424E100413325 /* Debug */,
				37BF248C241424E100413325 /* Release */,
			);
			defaultConfigurationIsVisible = 0;
			defaultConfigurationName = Release;
		};
/* End XCConfigurationList section */
	};
	rootObject = 37BF2449241424DF00413325 /* Project object */;
}
